
Microsoft Visual Studio Solution File, Format Version 12.00
# Visual Studio Version 17
VisualStudioVersion = 17.11.35303.130
MinimumVisualStudioVersion = 10.0.40219.1
Project("{FAE04EC0-301F-11D3-BF4B-00C04F79EFBC}") = "Fall2024-Assignment1-gdprasad", "Fall2024-Assignment1-gdprasad.csproj", "{8395CF5F-1832-4FC3-8066-7B0423DF9BD8}"
EndProject
Global
	GlobalSection(SolutionConfigurationPlatforms) = preSolution
		Debug|Any CPU = Debug|Any CPU
		Release|Any CPU = Release|Any CPU
	EndGlobalSection
	GlobalSection(ProjectConfigurationPlatforms) = postSolution
		{8395CF5F-1832-4FC3-8066-7B0423DF9BD8}.Debug|Any CPU.ActiveCfg = Debug|Any CPU
		{8395CF5F-1832-4FC3-8066-7B0423DF9BD8}.Debug|Any CPU.Build.0 = Debug|Any CPU
		{8395CF5F-1832-4FC3-8066-7B0423DF9BD8}.Release|Any CPU.ActiveCfg = Release|Any CPU
		{8395CF5F-1832-4FC3-8066-7B0423DF9BD8}.Release|Any CPU.Build.0 = Release|Any CPU
	EndGlobalSection
	GlobalSection(SolutionProperties) = preSolution
		HideSolutionNode = FALSE
	EndGlobalSection
	GlobalSection(ExtensibilityGlobals) = postSolution
		SolutionGuid = {67B5C94D-7D32-4EEA-9A40-B174D278A8A3}
	EndGlobalSection
EndGlobal
