
Microsoft Visual Studio Solution File, Format Version 12.00
# Visual Studio Version 17
VisualStudioVersion = 17.5.002.0
MinimumVisualStudioVersion = 10.0.40219.1
Project("{9A19103F-16F7-4668-BE54-9A1E7A4F7556}") = "Fall2024-Assignment2-gdprasad", "Fall2024-Assignment2-gdprasad.csproj", "{80A169A5-31C4-4DC9-A76D-7FB61E4ED7FB}"
EndProject
Global
	GlobalSection(SolutionConfigurationPlatforms) = preSolution
		Debug|Any CPU = Debug|Any CPU
		Release|Any CPU = Release|Any CPU
	EndGlobalSection
	GlobalSection(ProjectConfigurationPlatforms) = postSolution
		{80A169A5-31C4-4DC9-A76D-7FB61E4ED7FB}.Debug|Any CPU.ActiveCfg = Debug|Any CPU
		{80A169A5-31C4-4DC9-A76D-7FB61E4ED7FB}.Debug|Any CPU.Build.0 = Debug|Any CPU
		{80A169A5-31C4-4DC9-A76D-7FB61E4ED7FB}.Release|Any CPU.ActiveCfg = Release|Any CPU
		{80A169A5-31C4-4DC9-A76D-7FB61E4ED7FB}.Release|Any CPU.Build.0 = Release|Any CPU
	EndGlobalSection
	GlobalSection(SolutionProperties) = preSolution
		HideSolutionNode = FALSE
	EndGlobalSection
	GlobalSection(ExtensibilityGlobals) = postSolution
		SolutionGuid = {36AE05C8-CDED-4E5F-9F12-C380C659F483}
	EndGlobalSection
EndGlobal
